
Microsoft Visual Studio Solution File, Format Version 12.00
# Visual Studio Version 17
VisualStudioVersion = 17.5.33530.505
MinimumVisualStudioVersion = 10.0.40219.1
Project("{FAE04EC0-301F-11D3-BF4B-00C04F79EFBC}") = "2022_exam", "2022_exam\2022_exam.csproj", "{9020BBF7-5E5C-4F12-910F-F3AE63D6CBBD}"
EndProject
Global
	GlobalSection(SolutionConfigurationPlatforms) = preSolution
		Debug|Any CPU = Debug|Any CPU
		Release|Any CPU = Release|Any CPU
	EndGlobalSection
	GlobalSection(ProjectConfigurationPlatforms) = postSolution
		{9020BBF7-5E5C-4F12-910F-F3AE63D6CBBD}.Debug|Any CPU.ActiveCfg = Debug|Any CPU
		{9020BBF7-5E5C-4F12-910F-F3AE63D6CBBD}.Debug|Any CPU.Build.0 = Debug|Any CPU
		{9020BBF7-5E5C-4F12-910F-F3AE63D6CBBD}.Release|Any CPU.ActiveCfg = Release|Any CPU
		{9020BBF7-5E5C-4F12-910F-F3AE63D6CBBD}.Release|Any CPU.Build.0 = Release|Any CPU
	EndGlobalSection
	GlobalSection(SolutionProperties) = preSolution
		HideSolutionNode = FALSE
	EndGlobalSection
	GlobalSection(ExtensibilityGlobals) = postSolution
		SolutionGuid = {9357A455-E8D5-4467-8502-47943AAC5352}
	EndGlobalSection
EndGlobal
